{
  "name": "malta-json-minify",
  "version": "1.0.5",
  "lockfileVersion": 1,
  "requires": true,
  "dependencies": {
    "malta": {
      "version": "4.0.4",
      "resolved": "https://registry.npmjs.org/malta/-/malta-4.0.4.tgz",
      "integrity": "sha512-7+6zUDM2Az4t51mdLFk6XMgheExGNhl3Kwgp/hVp07bcJylu8VKwXwxVdFujxRxjxJmwGUHdjV9ABgaEpQuL0Q=="
    }
  }
}
